// !$*UTF8*$!
{
	archiveVersion = 1;
	classes = {
	};
	objectVersion = 50;
	objects = {

/* Begin PBXBuildFile section */
		0ABC745223887C4A003252BA /* AppDelegate.swift in Sources */ = {isa = PBXBuildFile; fileRef = 0ABC745123887C4A003252BA /* AppDelegate.swift */; };
		0ABC745423887C4A003252BA /* ContentView.swift in Sources */ = {isa = PBXBuildFile; fileRef = 0ABC745323887C4A003252BA /* ContentView.swift */; };
		0ABC745623887C4D003252BA /* Assets.xcassets in Resources */ = {isa = PBXBuildFile; fileRef = 0ABC745523887C4D003252BA /* Assets.xcassets */; };
		0ABC745923887C4D003252BA /* Preview Assets.xcassets in Resources */ = {isa = PBXBuildFile; fileRef = 0ABC745823887C4D003252BA /* Preview Assets.xcassets */; };
		0ABC745C23887C4D003252BA /* Main.storyboard in Resources */ = {isa = PBXBuildFile; fileRef = 0ABC745A23887C4D003252BA /* Main.storyboard */; };
		0ABC746B23887DCB003252BA /* Cocoa.framework in Frameworks */ = {isa = PBXBuildFile; fileRef = 0ABC746A23887DCB003252BA /* Cocoa.framework */; };
		0ABC746E23887DCB003252BA /* SortExtension.swift in Sources */ = {isa = PBXBuildFile; fileRef = 0ABC746D23887DCB003252BA /* SortExtension.swift */; };
		0ABC747023887DCB003252BA /* SortCommand.swift in Sources */ = {isa = PBXBuildFile; fileRef = 0ABC746F23887DCB003252BA /* SortCommand.swift */; };
		0ABC747523887DCB003252BA /* Sort.appex in Embed App Extensions */ = {isa = PBXBuildFile; fileRef = 0ABC746823887DCB003252BA /* Sort.appex */; settings = {ATTRIBUTES = (RemoveHeadersOnCopy, ); }; };
/* End PBXBuildFile section */

/* Begin PBXContainerItemProxy section */
		0ABC747323887DCB003252BA /* PBXContainerItemProxy */ = {
			isa = PBXContainerItemProxy;
			containerPortal = 0ABC744623887C4A003252BA /* Project object */;
			proxyType = 1;
			remoteGlobalIDString = 0ABC746723887DCB003252BA;
			remoteInfo = Sort;
		};
/* End PBXContainerItemProxy section */

/* Begin PBXCopyFilesBuildPhase section */
		0ABC747623887DCB003252BA /* Embed App Extensions */ = {
			isa = PBXCopyFilesBuildPhase;
			buildActionMask = 2147483647;
			dstPath = "";
			dstSubfolderSpec = 13;
			files = (
				0ABC747523887DCB003252BA /* Sort.appex in Embed App Extensions */,
			);
			name = "Embed App Extensions";
			runOnlyForDeploymentPostprocessing = 0;
		};
/* End PBXCopyFilesBuildPhase section */

/* Begin PBXFileReference section */
		0ABC744E23887C4A003252BA /* XcodeSort.app */ = {isa = PBXFileReference; explicitFileType = wrapper.application; includeInIndex = 0; path = XcodeSort.app; sourceTree = BUILT_PRODUCTS_DIR; };
		0ABC745123887C4A003252BA /* AppDelegate.swift */ = {isa = PBXFileReference; lastKnownFileType = sourcecode.swift; path = AppDelegate.swift; sourceTree = "<group>"; };
		0ABC745323887C4A003252BA /* ContentView.swift */ = {isa = PBXFileReference; lastKnownFileType = sourcecode.swift; path = ContentView.swift; sourceTree = "<group>"; };
		0ABC745523887C4D003252BA /* Assets.xcassets */ = {isa = PBXFileReference; lastKnownFileType = folder.assetcatalog; path = Assets.xcassets; sourceTree = "<group>"; };
		0ABC745823887C4D003252BA /* Preview Assets.xcassets */ = {isa = PBXFileReference; lastKnownFileType = folder.assetcatalog; path = "Preview Assets.xcassets"; sourceTree = "<group>"; };
		0ABC745B23887C4D003252BA /* Base */ = {isa = PBXFileReference; lastKnownFileType = file.storyboard; name = Base; path = Base.lproj/Main.storyboard; sourceTree = "<group>"; };
		0ABC745D23887C4D003252BA /* Info.plist */ = {isa = PBXFileReference; lastKnownFileType = text.plist.xml; path = Info.plist; sourceTree = "<group>"; };
		0ABC745E23887C4D003252BA /* XcodeSort.entitlements */ = {isa = PBXFileReference; lastKnownFileType = text.plist.entitlements; path = XcodeSort.entitlements; sourceTree = "<group>"; };
		0ABC746823887DCB003252BA /* Sort.appex */ = {isa = PBXFileReference; explicitFileType = "wrapper.app-extension"; includeInIndex = 0; path = Sort.appex; sourceTree = BUILT_PRODUCTS_DIR; };
		0ABC746A23887DCB003252BA /* Cocoa.framework */ = {isa = PBXFileReference; lastKnownFileType = wrapper.framework; name = Cocoa.framework; path = System/Library/Frameworks/Cocoa.framework; sourceTree = SDKROOT; };
		0ABC746D23887DCB003252BA /* SortExtension.swift */ = {isa = PBXFileReference; lastKnownFileType = sourcecode.swift; path = SortExtension.swift; sourceTree = "<group>"; };
		0ABC746F23887DCB003252BA /* SortCommand.swift */ = {isa = PBXFileReference; lastKnownFileType = sourcecode.swift; path = SortCommand.swift; sourceTree = "<group>"; };
		0ABC747123887DCB003252BA /* Info.plist */ = {isa = PBXFileReference; lastKnownFileType = text.plist.xml; path = Info.plist; sourceTree = "<group>"; };
		0ABC747223887DCB003252BA /* Sort.entitlements */ = {isa = PBXFileReference; lastKnownFileType = text.plist.entitlements; path = Sort.entitlements; sourceTree = "<group>"; };
/* End PBXFileReference section */

/* Begin PBXFrameworksBuildPhase section */
		0ABC744B23887C4A003252BA /* Frameworks */ = {
			isa = PBXFrameworksBuildPhase;
			buildActionMask = 2147483647;
			files = (
			);
			runOnlyForDeploymentPostprocessing = 0;
		};
		0ABC746523887DCB003252BA /* Frameworks */ = {
			isa = PBXFrameworksBuildPhase;
			buildActionMask = 2147483647;
			files = (
				0ABC746B23887DCB003252BA /* Cocoa.framework in Frameworks */,
			);
			runOnlyForDeploymentPostprocessing = 0;
		};
/* End PBXFrameworksBuildPhase section */

/* Begin PBXGroup section */
		0ABC744523887C4A003252BA = {
			isa = PBXGroup;
			children = (
				0ABC745023887C4A003252BA /* XcodeSort */,
				0ABC746C23887DCB003252BA /* Sort */,
				0ABC746923887DCB003252BA /* Frameworks */,
				0ABC744F23887C4A003252BA /* Products */,
			);
			sourceTree = "<group>";
		};
		0ABC744F23887C4A003252BA /* Products */ = {
			isa = PBXGroup;
			children = (
				0ABC744E23887C4A003252BA /* XcodeSort.app */,
				0ABC746823887DCB003252BA /* Sort.appex */,
			);
			name = Products;
			sourceTree = "<group>";
		};
		0ABC745023887C4A003252BA /* XcodeSort */ = {
			isa = PBXGroup;
			children = (
				0ABC745123887C4A003252BA /* AppDelegate.swift */,
				0ABC745323887C4A003252BA /* ContentView.swift */,
				0ABC745523887C4D003252BA /* Assets.xcassets */,
				0ABC745A23887C4D003252BA /* Main.storyboard */,
				0ABC745D23887C4D003252BA /* Info.plist */,
				0ABC745E23887C4D003252BA /* XcodeSort.entitlements */,
				0ABC745723887C4D003252BA /* Preview Content */,
			);
			path = XcodeSort;
			sourceTree = "<group>";
		};
		0ABC745723887C4D003252BA /* Preview Content */ = {
			isa = PBXGroup;
			children = (
				0ABC745823887C4D003252BA /* Preview Assets.xcassets */,
			);
			path = "Preview Content";
			sourceTree = "<group>";
		};
		0ABC746923887DCB003252BA /* Frameworks */ = {
			isa = PBXGroup;
			children = (
				0ABC746A23887DCB003252BA /* Cocoa.framework */,
			);
			name = Frameworks;
			sourceTree = "<group>";
		};
		0ABC746C23887DCB003252BA /* Sort */ = {
			isa = PBXGroup;
			children = (
				0ABC746D23887DCB003252BA /* SortExtension.swift */,
				0ABC746F23887DCB003252BA /* SortCommand.swift */,
				0ABC747123887DCB003252BA /* Info.plist */,
				0ABC747223887DCB003252BA /* Sort.entitlements */,
			);
			path = Sort;
			sourceTree = "<group>";
		};
/* End PBXGroup section */

/* Begin PBXNativeTarget section */
		0ABC744D23887C4A003252BA /* XcodeSort */ = {
			isa = PBXNativeTarget;
			buildConfigurationList = 0ABC746123887C4D003252BA /* Build configuration list for PBXNativeTarget "XcodeSort" */;
			buildPhases = (
				0ABC744A23887C4A003252BA /* Sources */,
				0ABC744B23887C4A003252BA /* Frameworks */,
				0ABC744C23887C4A003252BA /* Resources */,
				0ABC747623887DCB003252BA /* Embed App Extensions */,
			);
			buildRules = (
			);
			dependencies = (
				0ABC747423887DCB003252BA /* PBXTargetDependency */,
			);
			name = XcodeSort;
			productName = XcodeSort;
			productReference = 0ABC744E23887C4A003252BA /* XcodeSort.app */;
			productType = "com.apple.product-type.application";
		};
		0ABC746723887DCB003252BA /* Sort */ = {
			isa = PBXNativeTarget;
			buildConfigurationList = 0ABC747923887DCB003252BA /* Build configuration list for PBXNativeTarget "Sort" */;
			buildPhases = (
				0ABC746423887DCB003252BA /* Sources */,
				0ABC746523887DCB003252BA /* Frameworks */,
				0ABC746623887DCB003252BA /* Resources */,
			);
			buildRules = (
			);
			dependencies = (
			);
			name = Sort;
			productName = Sort;
			productReference = 0ABC746823887DCB003252BA /* Sort.appex */;
			productType = "com.apple.product-type.xcode-extension";
		};
/* End PBXNativeTarget section */

/* Begin PBXProject section */
		0ABC744623887C4A003252BA /* Project object */ = {
			isa = PBXProject;
			attributes = {
				LastSwiftUpdateCheck = 1120;
				LastUpgradeCheck = 1120;
				ORGANIZATIONNAME = "Hard Days, Inc.";
				TargetAttributes = {
					0ABC744D23887C4A003252BA = {
						CreatedOnToolsVersion = 11.2.1;
					};
					0ABC746723887DCB003252BA = {
						CreatedOnToolsVersion = 11.2.1;
					};
				};
			};
			buildConfigurationList = 0ABC744923887C4A003252BA /* Build configuration list for PBXProject "XcodeSort" */;
			compatibilityVersion = "Xcode 9.3";
			developmentRegion = en;
			hasScannedForEncodings = 0;
			knownRegions = (
				en,
				Base,
			);
			mainGroup = 0ABC744523887C4A003252BA;
			productRefGroup = 0ABC744F23887C4A003252BA /* Products */;
			projectDirPath = "";
			projectRoot = "";
			targets = (
				0ABC744D23887C4A003252BA /* XcodeSort */,
				0ABC746723887DCB003252BA /* Sort */,
			);
		};
/* End PBXProject section */

/* Begin PBXResourcesBuildPhase section */
		0ABC744C23887C4A003252BA /* Resources */ = {
			isa = PBXResourcesBuildPhase;
			buildActionMask = 2147483647;
			files = (
				0ABC745C23887C4D003252BA /* Main.storyboard in Resources */,
				0ABC745923887C4D003252BA /* Preview Assets.xcassets in Resources */,
				0ABC745623887C4D003252BA /* Assets.xcassets in Resources */,
			);
			runOnlyForDeploymentPostprocessing = 0;
		};
		0ABC746623887DCB003252BA /* Resources */ = {
			isa = PBXResourcesBuildPhase;
			buildActionMask = 2147483647;
			files = (
			);
			runOnlyForDeploymentPostprocessing = 0;
		};
/* End PBXResourcesBuildPhase section */

/* Begin PBXSourcesBuildPhase section */
		0ABC744A23887C4A003252BA /* Sources */ = {
			isa = PBXSourcesBuildPhase;
			buildActionMask = 2147483647;
			files = (
				0ABC745423887C4A003252BA /* ContentView.swift in Sources */,
				0ABC745223887C4A003252BA /* AppDelegate.swift in Sources */,
			);
			runOnlyForDeploymentPostprocessing = 0;
		};
		0ABC746423887DCB003252BA /* Sources */ = {
			isa = PBXSourcesBuildPhase;
			buildActionMask = 2147483647;
			files = (
				0ABC746E23887DCB003252BA /* SortExtension.swift in Sources */,
				0ABC747023887DCB003252BA /* SortCommand.swift in Sources */,
			);
			runOnlyForDeploymentPostprocessing = 0;
		};
/* End PBXSourcesBuildPhase section */

/* Begin PBXTargetDependency section */
		0ABC747423887DCB003252BA /* PBXTargetDependency */ = {
			isa = PBXTargetDependency;
			target = 0ABC746723887DCB003252BA /* Sort */;
			targetProxy = 0ABC747323887DCB003252BA /* PBXContainerItemProxy */;
		};
/* End PBXTargetDependency section */

/* Begin PBXVariantGroup section */
		0ABC745A23887C4D003252BA /* Main.storyboard */ = {
			isa = PBXVariantGroup;
			children = (
				0ABC745B23887C4D003252BA /* Base */,
			);
			name = Main.storyboard;
			sourceTree = "<group>";
		};
/* End PBXVariantGroup section */

/* Begin XCBuildConfiguration section */
		0ABC745F23887C4D003252BA /* Debug */ = {
			isa = XCBuildConfiguration;
			buildSettings = {
				ALWAYS_SEARCH_USER_PATHS = NO;
				CLANG_ANALYZER_NONNULL = YES;
				CLANG_ANALYZER_NUMBER_OBJECT_CONVERSION = YES_AGGRESSIVE;
				CLANG_CXX_LANGUAGE_STANDARD = "gnu++14";
				CLANG_CXX_LIBRARY = "libc++";
				CLANG_ENABLE_MODULES = YES;
				CLANG_ENABLE_OBJC_ARC = YES;
				CLANG_ENABLE_OBJC_WEAK = YES;
				CLANG_WARN_BLOCK_CAPTURE_AUTORELEASING = YES;
				CLANG_WARN_BOOL_CONVERSION = YES;
				CLANG_WARN_COMMA = YES;
				CLANG_WARN_CONSTANT_CONVERSION = YES;
				CLANG_WARN_DEPRECATED_OBJC_IMPLEMENTATIONS = YES;
				CLANG_WARN_DIRECT_OBJC_ISA_USAGE = YES_ERROR;
				CLANG_WARN_DOCUMENTATION_COMMENTS = YES;
				CLANG_WARN_EMPTY_BODY = YES;
				CLANG_WARN_ENUM_CONVERSION = YES;
				CLANG_WARN_INFINITE_RECURSION = YES;
				CLANG_WARN_INT_CONVERSION = YES;
				CLANG_WARN_NON_LITERAL_NULL_CONVERSION = YES;
				CLANG_WARN_OBJC_IMPLICIT_RETAIN_SELF = YES;
				CLANG_WARN_OBJC_LITERAL_CONVERSION = YES;
				CLANG_WARN_OBJC_ROOT_CLASS = YES_ERROR;
				CLANG_WARN_RANGE_LOOP_ANALYSIS = YES;
				CLANG_WARN_STRICT_PROTOTYPES = YES;
				CLANG_WARN_SUSPICIOUS_MOVE = YES;
				CLANG_WARN_UNGUARDED_AVAILABILITY = YES_AGGRESSIVE;
				CLANG_WARN_UNREACHABLE_CODE = YES;
				CLANG_WARN__DUPLICATE_METHOD_MATCH = YES;
				COPY_PHASE_STRIP = NO;
				DEBUG_INFORMATION_FORMAT = dwarf;
				ENABLE_STRICT_OBJC_MSGSEND = YES;
				ENABLE_TESTABILITY = YES;
				GCC_C_LANGUAGE_STANDARD = gnu11;
				GCC_DYNAMIC_NO_PIC = NO;
				GCC_NO_COMMON_BLOCKS = YES;
				GCC_OPTIMIZATION_LEVEL = 0;
				GCC_PREPROCESSOR_DEFINITIONS = (
					"DEBUG=1",
					"$(inherited)",
				);
				GCC_WARN_64_TO_32_BIT_CONVERSION = YES;
				GCC_WARN_ABOUT_RETURN_TYPE = YES_ERROR;
				GCC_WARN_UNDECLARED_SELECTOR = YES;
				GCC_WARN_UNINITIALIZED_AUTOS = YES_AGGRESSIVE;
				GCC_WARN_UNUSED_FUNCTION = YES;
				GCC_WARN_UNUSED_VARIABLE = YES;
				MACOSX_DEPLOYMENT_TARGET = 10.15;
				MTL_ENABLE_DEBUG_INFO = INCLUDE_SOURCE;
				MTL_FAST_MATH = YES;
				ONLY_ACTIVE_ARCH = YES;
				SDKROOT = macosx;
				SWIFT_ACTIVE_COMPILATION_CONDITIONS = DEBUG;
				SWIFT_OPTIMIZATION_LEVEL = "-Onone";
			};
			name = Debug;
		};
		0ABC746023887C4D003252BA /* Release */ = {
			isa = XCBuildConfiguration;
			buildSettings = {
				ALWAYS_SEARCH_USER_PATHS = NO;
				CLANG_ANALYZER_NONNULL = YES;
				CLANG_ANALYZER_NUMBER_OBJECT_CONVERSION = YES_AGGRESSIVE;
				CLANG_CXX_LANGUAGE_STANDARD = "gnu++14";
				CLANG_CXX_LIBRARY = "libc++";
				CLANG_ENABLE_MODULES = YES;
				CLANG_ENABLE_OBJC_ARC = YES;
				CLANG_ENABLE_OBJC_WEAK = YES;
				CLANG_WARN_BLOCK_CAPTURE_AUTORELEASING = YES;
				CLANG_WARN_BOOL_CONVERSION = YES;
				CLANG_WARN_COMMA = YES;
				CLANG_WARN_CONSTANT_CONVERSION = YES;
				CLANG_WARN_DEPRECATED_OBJC_IMPLEMENTATIONS = YES;
				CLANG_WARN_DIRECT_OBJC_ISA_USAGE = YES_ERROR;
				CLANG_WARN_DOCUMENTATION_COMMENTS = YES;
				CLANG_WARN_EMPTY_BODY = YES;
				CLANG_WARN_ENUM_CONVERSION = YES;
				CLANG_WARN_INFINITE_RECURSION = YES;
				CLANG_WARN_INT_CONVERSION = YES;
				CLANG_WARN_NON_LITERAL_NULL_CONVERSION = YES;
				CLANG_WARN_OBJC_IMPLICIT_RETAIN_SELF = YES;
				CLANG_WARN_OBJC_LITERAL_CONVERSION = YES;
				CLANG_WARN_OBJC_ROOT_CLASS = YES_ERROR;
				CLANG_WARN_RANGE_LOOP_ANALYSIS = YES;
				CLANG_WARN_STRICT_PROTOTYPES = YES;
				CLANG_WARN_SUSPICIOUS_MOVE = YES;
				CLANG_WARN_UNGUARDED_AVAILABILITY = YES_AGGRESSIVE;
				CLANG_WARN_UNREACHABLE_CODE = YES;
				CLANG_WARN__DUPLICATE_METHOD_MATCH = YES;
				COPY_PHASE_STRIP = NO;
				DEBUG_INFORMATION_FORMAT = "dwarf-with-dsym";
				ENABLE_NS_ASSERTIONS = NO;
				ENABLE_STRICT_OBJC_MSGSEND = YES;
				GCC_C_LANGUAGE_STANDARD = gnu11;
				GCC_NO_COMMON_BLOCKS = YES;
				GCC_WARN_64_TO_32_BIT_CONVERSION = YES;
				GCC_WARN_ABOUT_RETURN_TYPE = YES_ERROR;
				GCC_WARN_UNDECLARED_SELECTOR = YES;
				GCC_WARN_UNINITIALIZED_AUTOS = YES_AGGRESSIVE;
				GCC_WARN_UNUSED_FUNCTION = YES;
				GCC_WARN_UNUSED_VARIABLE = YES;
				MACOSX_DEPLOYMENT_TARGET = 10.15;
				MTL_ENABLE_DEBUG_INFO = NO;
				MTL_FAST_MATH = YES;
				SDKROOT = macosx;
				SWIFT_COMPILATION_MODE = wholemodule;
				SWIFT_OPTIMIZATION_LEVEL = "-O";
			};
			name = Release;
		};
		0ABC746223887C4D003252BA /* Debug */ = {
			isa = XCBuildConfiguration;
			buildSettings = {
				ALWAYS_EMBED_SWIFT_STANDARD_LIBRARIES = YES;
				ASSETCATALOG_COMPILER_APPICON_NAME = AppIcon;
				CODE_SIGN_ENTITLEMENTS = XcodeSort/XcodeSort.entitlements;
				CODE_SIGN_STYLE = Automatic;
				COMBINE_HIDPI_IMAGES = YES;
				DEVELOPMENT_ASSET_PATHS = "\"XcodeSort/Preview Content\"";
				DEVELOPMENT_TEAM = PZM93MW7N8;
				ENABLE_HARDENED_RUNTIME = YES;
				ENABLE_PREVIEWS = YES;
				INFOPLIST_FILE = XcodeSort/Info.plist;
				LD_RUNPATH_SEARCH_PATHS = (
					"$(inherited)",
					"@executable_path/../Frameworks",
				);
				MACOSX_DEPLOYMENT_TARGET = 10.15;
				PRODUCT_BUNDLE_IDENTIFIER = com.harddays.XcodeSort;
				PRODUCT_NAME = "$(TARGET_NAME)";
				SWIFT_VERSION = 5.0;
			};
			name = Debug;
		};
		0ABC746323887C4D003252BA /* Release */ = {
			isa = XCBuildConfiguration;
			buildSettings = {
				ALWAYS_EMBED_SWIFT_STANDARD_LIBRARIES = YES;
				ASSETCATALOG_COMPILER_APPICON_NAME = AppIcon;
				CODE_SIGN_ENTITLEMENTS = XcodeSort/XcodeSort.entitlements;
				CODE_SIGN_STYLE = Automatic;
				COMBINE_HIDPI_IMAGES = YES;
				DEVELOPMENT_ASSET_PATHS = "\"XcodeSort/Preview Content\"";
				DEVELOPMENT_TEAM = PZM93MW7N8;
				ENABLE_HARDENED_RUNTIME = YES;
				ENABLE_PREVIEWS = YES;
				INFOPLIST_FILE = XcodeSort/Info.plist;
				LD_RUNPATH_SEARCH_PATHS = (
					"$(inherited)",
					"@executable_path/../Frameworks",
				);
				MACOSX_DEPLOYMENT_TARGET = 10.15;
				PRODUCT_BUNDLE_IDENTIFIER = com.harddays.XcodeSort;
				PRODUCT_NAME = "$(TARGET_NAME)";
				SWIFT_VERSION = 5.0;
			};
			name = Release;
		};
		0ABC747723887DCB003252BA /* Debug */ = {
			isa = XCBuildConfiguration;
			buildSettings = {
				CODE_SIGN_ENTITLEMENTS = Sort/Sort.entitlements;
				CODE_SIGN_STYLE = Automatic;
				COMBINE_HIDPI_IMAGES = YES;
				DEVELOPMENT_TEAM = PZM93MW7N8;
				ENABLE_HARDENED_RUNTIME = YES;
				INFOPLIST_FILE = Sort/Info.plist;
				LD_RUNPATH_SEARCH_PATHS = (
					"$(inherited)",
					"@executable_path/../Frameworks",
					"@executable_path/../../../../Frameworks",
				);
				PRODUCT_BUNDLE_IDENTIFIER = com.harddays.XcodeSort.Sort;
				PRODUCT_NAME = "$(TARGET_NAME)";
				SKIP_INSTALL = YES;
				SWIFT_VERSION = 5.0;
			};
			name = Debug;
		};
		0ABC747823887DCB003252BA /* Release */ = {
			isa = XCBuildConfiguration;
			buildSettings = {
				CODE_SIGN_ENTITLEMENTS = Sort/Sort.entitlements;
				CODE_SIGN_STYLE = Automatic;
				COMBINE_HIDPI_IMAGES = YES;
				DEVELOPMENT_TEAM = PZM93MW7N8;
				ENABLE_HARDENED_RUNTIME = YES;
				INFOPLIST_FILE = Sort/Info.plist;
				LD_RUNPATH_SEARCH_PATHS = (
					"$(inherited)",
					"@executable_path/../Frameworks",
					"@executable_path/../../../../Frameworks",
				);
				PRODUCT_BUNDLE_IDENTIFIER = com.harddays.XcodeSort.Sort;
				PRODUCT_NAME = "$(TARGET_NAME)";
				SKIP_INSTALL = YES;
				SWIFT_VERSION = 5.0;
			};
			name = Release;
		};
/* End XCBuildConfiguration section */

/* Begin XCConfigurationList section */
		0ABC744923887C4A003252BA /* Build configuration list for PBXProject "XcodeSort" */ = {
			isa = XCConfigurationList;
			buildConfigurations = (
				0ABC745F23887C4D003252BA /* Debug */,
				0ABC746023887C4D003252BA /* Release */,
			);
			defaultConfigurationIsVisible = 0;
			defaultConfigurationName = Release;
		};
		0ABC746123887C4D003252BA /* Build configuration list for PBXNativeTarget "XcodeSort" */ = {
			isa = XCConfigurationList;
			buildConfigurations = (
				0ABC746223887C4D003252BA /* Debug */,
				0ABC746323887C4D003252BA /* Release */,
			);
			defaultConfigurationIsVisible = 0;
			defaultConfigurationName = Release;
		};
		0ABC747923887DCB003252BA /* Build configuration list for PBXNativeTarget "Sort" */ = {
			isa = XCConfigurationList;
			buildConfigurations = (
				0ABC747723887DCB003252BA /* Debug */,
				0ABC747823887DCB003252BA /* Release */,
			);
			defaultConfigurationIsVisible = 0;
			defaultConfigurationName = Release;
		};
/* End XCConfigurationList section */
	};
	rootObject = 0ABC744623887C4A003252BA /* Project object */;
}
